
Microsoft Visual Studio Solution File, Format Version 12.00
# Visual Studio Version 16
VisualStudioVersion = 16.0.31129.286
MinimumVisualStudioVersion = 10.0.40219.1
Project("{FAE04EC0-301F-11D3-BF4B-00C04F79EFBC}") = "WebApplication4", "WebApplication4\WebApplication4.csproj", "{E1A02DF2-E36B-428D-BF89-85EC4FA755D5}"
EndProject
Global
	GlobalSection(SolutionConfigurationPlatforms) = preSolution
		Debug|Any CPU = Debug|Any CPU
		Release|Any CPU = Release|Any CPU
	EndGlobalSection
	GlobalSection(ProjectConfigurationPlatforms) = postSolution
		{E1A02DF2-E36B-428D-BF89-85EC4FA755D5}.Debug|Any CPU.ActiveCfg = Debug|Any CPU
		{E1A02DF2-E36B-428D-BF89-85EC4FA755D5}.Debug|Any CPU.Build.0 = Debug|Any CPU
		{E1A02DF2-E36B-428D-BF89-85EC4FA755D5}.Release|Any CPU.ActiveCfg = Release|Any CPU
		{E1A02DF2-E36B-428D-BF89-85EC4FA755D5}.Release|Any CPU.Build.0 = Release|Any CPU
	EndGlobalSection
	GlobalSection(SolutionProperties) = preSolution
		HideSolutionNode = FALSE
	EndGlobalSection
	GlobalSection(ExtensibilityGlobals) = postSolution
		SolutionGuid = {D6BE1FCD-88F9-4169-8760-C8BDAE762CC8}
	EndGlobalSection
EndGlobal
